
Microsoft Visual Studio Solution File, Format Version 12.00
# Visual Studio Version 17
VisualStudioVersion = 17.7.34003.232
MinimumVisualStudioVersion = 10.0.40219.1
Project("{FAE04EC0-301F-11D3-BF4B-00C04F79EFBC}") = "Panzerfaust", "Panzerfaust.csproj", "{1AE5C362-1D79-443B-8B82-384B482EB0C9}"
EndProject
Global
	GlobalSection(SolutionConfigurationPlatforms) = preSolution
		Debug|Any CPU = Debug|Any CPU
		Release|Any CPU = Release|Any CPU
	EndGlobalSection
	GlobalSection(ProjectConfigurationPlatforms) = postSolution
		{1AE5C362-1D79-443B-8B82-384B482EB0C9}.Debug|Any CPU.ActiveCfg = Debug|Any CPU
		{1AE5C362-1D79-443B-8B82-384B482EB0C9}.Debug|Any CPU.Build.0 = Debug|Any CPU
		{1AE5C362-1D79-443B-8B82-384B482EB0C9}.Release|Any CPU.ActiveCfg = Release|Any CPU
		{1AE5C362-1D79-443B-8B82-384B482EB0C9}.Release|Any CPU.Build.0 = Release|Any CPU
	EndGlobalSection
	GlobalSection(SolutionProperties) = preSolution
		HideSolutionNode = FALSE
	EndGlobalSection
	GlobalSection(ExtensibilityGlobals) = postSolution
		SolutionGuid = {62BBD24B-D6C2-4324-B6F6-BB33B6FBE21D}
	EndGlobalSection
EndGlobal
